<Solution>
  <Folder Name="/src/">
    <Project Path="src/Markstash.App/Markstash.App.csproj" />
    <Project Path="src/Markstash.Application/Markstash.Application.csproj" />
    <Project Path="src/Markstash.Desktop/Markstash.Desktop.csproj" />
    <Project Path="src/Markstash.Domain/Markstash.Domain.csproj" />
    <Project Path="src/Markstash.Infrastructure/Markstash.Infrastructure.csproj" />
  </Folder>
  <Folder Name="/tests/">
    <Project Path="tests/Markstash.Tests/Markstash.Tests.csproj" />
  </Folder>
</Solution>
